
Microsoft Visual Studio Solution File, Format Version 12.00
# Visual Studio Version 16
VisualStudioVersion = 16.0.30907.101
MinimumVisualStudioVersion = 10.0.40219.1
Project("{FAE04EC0-301F-11D3-BF4B-00C04F79EFBC}") = "Battle of the Professor", "Battle of the Professor\Battle of the Professor.csproj", "{1A9826DA-35FA-4CFD-AABF-83952E846277}"
EndProject
Global
	GlobalSection(SolutionConfigurationPlatforms) = preSolution
		Debug|Any CPU = Debug|Any CPU
		Release|Any CPU = Release|Any CPU
	EndGlobalSection
	GlobalSection(ProjectConfigurationPlatforms) = postSolution
		{1A9826DA-35FA-4CFD-AABF-83952E846277}.Debug|Any CPU.ActiveCfg = Debug|Any CPU
		{1A9826DA-35FA-4CFD-AABF-83952E846277}.Debug|Any CPU.Build.0 = Debug|Any CPU
		{1A9826DA-35FA-4CFD-AABF-83952E846277}.Release|Any CPU.ActiveCfg = Release|Any CPU
		{1A9826DA-35FA-4CFD-AABF-83952E846277}.Release|Any CPU.Build.0 = Release|Any CPU
	EndGlobalSection
	GlobalSection(SolutionProperties) = preSolution
		HideSolutionNode = FALSE
	EndGlobalSection
	GlobalSection(ExtensibilityGlobals) = postSolution
		SolutionGuid = {83BA0ED8-C647-40B5-AA40-E4552884B988}
	EndGlobalSection
EndGlobal
